
Microsoft Visual Studio Solution File, Format Version 12.00
# Visual Studio Version 17
VisualStudioVersion = 17.4.33213.308
MinimumVisualStudioVersion = 10.0.40219.1
Project("{9A19103F-16F7-4668-BE54-9A1E7A4F7556}") = "GuessTheNumber", "GuessTheNumber\GuessTheNumber.csproj", "{85B63434-EC16-494C-9963-A7D9A56C81E6}"
EndProject
Project("{2150E333-8FDC-42A3-9474-1A3956D46DE8}") = "Solution Items", "Solution Items", "{CBE9ECEE-7DA0-4617-A66C-04236CE1596B}"
	ProjectSection(SolutionItems) = preProject
		README.md = README.md
	EndProjectSection
EndProject
Global
	GlobalSection(SolutionConfigurationPlatforms) = preSolution
		Debug|Any CPU = Debug|Any CPU
		Release|Any CPU = Release|Any CPU
	EndGlobalSection
	GlobalSection(ProjectConfigurationPlatforms) = postSolution
		{85B63434-EC16-494C-9963-A7D9A56C81E6}.Debug|Any CPU.ActiveCfg = Debug|Any CPU
		{85B63434-EC16-494C-9963-A7D9A56C81E6}.Debug|Any CPU.Build.0 = Debug|Any CPU
		{85B63434-EC16-494C-9963-A7D9A56C81E6}.Release|Any CPU.ActiveCfg = Release|Any CPU
		{85B63434-EC16-494C-9963-A7D9A56C81E6}.Release|Any CPU.Build.0 = Release|Any CPU
	EndGlobalSection
	GlobalSection(SolutionProperties) = preSolution
		HideSolutionNode = FALSE
	EndGlobalSection
	GlobalSection(ExtensibilityGlobals) = postSolution
		SolutionGuid = {F4FE99F3-76AC-4D63-BCDE-ED1D6DD6198D}
	EndGlobalSection
EndGlobal
